// !$*UTF8*$!
{
	archiveVersion = 1;
	classes = {
	};
	objectVersion = 50;
	objects = {

/* Begin PBXBuildFile section */
		544D346F245FDD55000B095E /* CloudKit.framework in Frameworks */ = {isa = PBXBuildFile; fileRef = 544D346E245FDD55000B095E /* CloudKit.framework */; };
		54770629245806A5008A8BC1 /* Assets.xcassets in Resources */ = {isa = PBXBuildFile; fileRef = 54770628245806A5008A8BC1 /* Assets.xcassets */; };
		5477062C245806A5008A8BC1 /* Preview Assets.xcassets in Resources */ = {isa = PBXBuildFile; fileRef = 5477062B245806A5008A8BC1 /* Preview Assets.xcassets */; };
		5477062F245806A5008A8BC1 /* LaunchScreen.storyboard in Resources */ = {isa = PBXBuildFile; fileRef = 5477062D245806A5008A8BC1 /* LaunchScreen.storyboard */; };
		5477063A245806A5008A8BC1 /* TransaTests.swift in Sources */ = {isa = PBXBuildFile; fileRef = 54770639245806A5008A8BC1 /* TransaTests.swift */; };
		54770645245806A5008A8BC1 /* TransaUITests.swift in Sources */ = {isa = PBXBuildFile; fileRef = 54770644245806A5008A8BC1 /* TransaUITests.swift */; };
		5477066E245807AF008A8BC1 /* AppDelegate.swift in Sources */ = {isa = PBXBuildFile; fileRef = 54770653245807AF008A8BC1 /* AppDelegate.swift */; };
		5477066F245807AF008A8BC1 /* Extensions.swift in Sources */ = {isa = PBXBuildFile; fileRef = 54770655245807AF008A8BC1 /* Extensions.swift */; };
		54770670245807AF008A8BC1 /* Utils.swift in Sources */ = {isa = PBXBuildFile; fileRef = 54770656245807AF008A8BC1 /* Utils.swift */; };
		54770671245807AF008A8BC1 /* DashboardTabView.swift in Sources */ = {isa = PBXBuildFile; fileRef = 54770659245807AF008A8BC1 /* DashboardTabView.swift */; };
		54770672245807AF008A8BC1 /* CategoryRowView.swift in Sources */ = {isa = PBXBuildFile; fileRef = 5477065A245807AF008A8BC1 /* CategoryRowView.swift */; };
		54770673245807AF008A8BC1 /* LogListView.swift in Sources */ = {isa = PBXBuildFile; fileRef = 5477065C245807AF008A8BC1 /* LogListView.swift */; };
		54770674245807AF008A8BC1 /* LogFormView.swift in Sources */ = {isa = PBXBuildFile; fileRef = 5477065D245807AF008A8BC1 /* LogFormView.swift */; };
		54770675245807AF008A8BC1 /* LogsTabView.swift in Sources */ = {isa = PBXBuildFile; fileRef = 5477065E245807AF008A8BC1 /* LogsTabView.swift */; };
		54770676245807AF008A8BC1 /* ContentView.swift in Sources */ = {isa = PBXBuildFile; fileRef = 5477065F245807AF008A8BC1 /* ContentView.swift */; };
		54770677245807AF008A8BC1 /* SelectSortOrderView.swift in Sources */ = {isa = PBXBuildFile; fileRef = 54770661245807AF008A8BC1 /* SelectSortOrderView.swift */; };
		54770678245807AF008A8BC1 /* PieChartRow.swift in Sources */ = {isa = PBXBuildFile; fileRef = 54770663245807AF008A8BC1 /* PieChartRow.swift */; };
		54770679245807AF008A8BC1 /* Helpers.swift in Sources */ = {isa = PBXBuildFile; fileRef = 54770664245807AF008A8BC1 /* Helpers.swift */; };
		5477067A245807AF008A8BC1 /* PieChartCell.swift in Sources */ = {isa = PBXBuildFile; fileRef = 54770665245807AF008A8BC1 /* PieChartCell.swift */; };
		5477067B245807AF008A8BC1 /* PieChartView.swift in Sources */ = {isa = PBXBuildFile; fileRef = 54770666245807AF008A8BC1 /* PieChartView.swift */; };
		5477067C245807AF008A8BC1 /* SearchBar.swift in Sources */ = {isa = PBXBuildFile; fileRef = 54770667245807AF008A8BC1 /* SearchBar.swift */; };
		5477067D245807AF008A8BC1 /* FilterCategoriesView.swift in Sources */ = {isa = PBXBuildFile; fileRef = 54770668245807AF008A8BC1 /* FilterCategoriesView.swift */; };
		5477067E245807AF008A8BC1 /* CategoryImageView.swift in Sources */ = {isa = PBXBuildFile; fileRef = 54770669245807AF008A8BC1 /* CategoryImageView.swift */; };
		5477067F245807AF008A8BC1 /* SceneDelegate.swift in Sources */ = {isa = PBXBuildFile; fileRef = 5477066A245807AF008A8BC1 /* SceneDelegate.swift */; };
		54770680245807AF008A8BC1 /* Sort.swift in Sources */ = {isa = PBXBuildFile; fileRef = 5477066C245807AF008A8BC1 /* Sort.swift */; };
		54770681245807AF008A8BC1 /* Category.swift in Sources */ = {isa = PBXBuildFile; fileRef = 5477066D245807AF008A8BC1 /* Category.swift */; };
		5477068A24580958008A8BC1 /* FormProfile.swift in Sources */ = {isa = PBXBuildFile; fileRef = 5477068324580958008A8BC1 /* FormProfile.swift */; };
		5477068B24580958008A8BC1 /* ProfileFilled.swift in Sources */ = {isa = PBXBuildFile; fileRef = 5477068424580958008A8BC1 /* ProfileFilled.swift */; };
		5477068C24580958008A8BC1 /* ProfileEmpty.swift in Sources */ = {isa = PBXBuildFile; fileRef = 5477068524580958008A8BC1 /* ProfileEmpty.swift */; };
		5477068D24580958008A8BC1 /* HomeView.swift in Sources */ = {isa = PBXBuildFile; fileRef = 5477068824580958008A8BC1 /* HomeView.swift */; };
		5477068E24580958008A8BC1 /* DaftarTransaksiEmpty.swift in Sources */ = {isa = PBXBuildFile; fileRef = 5477068924580958008A8BC1 /* DaftarTransaksiEmpty.swift */; };
		54770695245809A7008A8BC1 /* PageView.swift in Sources */ = {isa = PBXBuildFile; fileRef = 5477068F245809A7008A8BC1 /* PageView.swift */; };
		54770696245809A7008A8BC1 /* OnboardingCardView.swift in Sources */ = {isa = PBXBuildFile; fileRef = 54770690245809A7008A8BC1 /* OnboardingCardView.swift */; };
		54770697245809A7008A8BC1 /* PageController.swift in Sources */ = {isa = PBXBuildFile; fileRef = 54770691245809A7008A8BC1 /* PageController.swift */; };
		54770698245809A7008A8BC1 /* OnboardingCard.swift in Sources */ = {isa = PBXBuildFile; fileRef = 54770692245809A7008A8BC1 /* OnboardingCard.swift */; };
		54770699245809A7008A8BC1 /* PageViewController.swift in Sources */ = {isa = PBXBuildFile; fileRef = 54770693245809A7008A8BC1 /* PageViewController.swift */; };
		5477069A245809A7008A8BC1 /* BoardingView.swift in Sources */ = {isa = PBXBuildFile; fileRef = 54770694245809A7008A8BC1 /* BoardingView.swift */; };
		547F537C245ADA3C0004E65A /* CoreDataStack.swift in Sources */ = {isa = PBXBuildFile; fileRef = 547F537B245ADA3C0004E65A /* CoreDataStack.swift */; };
		547F537E245ADE750004E65A /* ExpenseLog+Extension.swift in Sources */ = {isa = PBXBuildFile; fileRef = 547F537D245ADE750004E65A /* ExpenseLog+Extension.swift */; };
		54FD709B245AD85100889F41 /* ExpenseTracker.xcdatamodeld in Sources */ = {isa = PBXBuildFile; fileRef = 54FD7099245AD85100889F41 /* ExpenseTracker.xcdatamodeld */; };
/* End PBXBuildFile section */

/* Begin PBXContainerItemProxy section */
		54770636245806A5008A8BC1 /* PBXContainerItemProxy */ = {
			isa = PBXContainerItemProxy;
			containerPortal = 54770617245806A5008A8BC1 /* Project object */;
			proxyType = 1;
			remoteGlobalIDString = 5477061E245806A5008A8BC1;
			remoteInfo = Transa;
		};
		54770641245806A5008A8BC1 /* PBXContainerItemProxy */ = {
			isa = PBXContainerItemProxy;
			containerPortal = 54770617245806A5008A8BC1 /* Project object */;
			proxyType = 1;
			remoteGlobalIDString = 5477061E245806A5008A8BC1;
			remoteInfo = Transa;
		};
/* End PBXContainerItemProxy section */

/* Begin PBXFileReference section */
		544D346C245FDD2C000B095E /* Transa.entitlements */ = {isa = PBXFileReference; lastKnownFileType = text.plist.entitlements; path = Transa.entitlements; sourceTree = "<group>"; };
		544D346E245FDD55000B095E /* CloudKit.framework */ = {isa = PBXFileReference; lastKnownFileType = wrapper.framework; name = CloudKit.framework; path = System/Library/Frameworks/CloudKit.framework; sourceTree = SDKROOT; };
		5477061F245806A5008A8BC1 /* Transa.app */ = {isa = PBXFileReference; explicitFileType = wrapper.application; includeInIndex = 0; path = Transa.app; sourceTree = BUILT_PRODUCTS_DIR; };
		54770628245806A5008A8BC1 /* Assets.xcassets */ = {isa = PBXFileReference; lastKnownFileType = folder.assetcatalog; path = Assets.xcassets; sourceTree = "<group>"; };
		5477062B245806A5008A8BC1 /* Preview Assets.xcassets */ = {isa = PBXFileReference; lastKnownFileType = folder.assetcatalog; path = "Preview Assets.xcassets"; sourceTree = "<group>"; };
		5477062E245806A5008A8BC1 /* Base */ = {isa = PBXFileReference; lastKnownFileType = file.storyboard; name = Base; path = Base.lproj/LaunchScreen.storyboard; sourceTree = "<group>"; };
		54770630245806A5008A8BC1 /* Info.plist */ = {isa = PBXFileReference; lastKnownFileType = text.plist.xml; path = Info.plist; sourceTree = "<group>"; };
		54770635245806A5008A8BC1 /* TransaTests.xctest */ = {isa = PBXFileReference; explicitFileType = wrapper.cfbundle; includeInIndex = 0; path = TransaTests.xctest; sourceTree = BUILT_PRODUCTS_DIR; };
		54770639245806A5008A8BC1 /* TransaTests.swift */ = {isa = PBXFileReference; lastKnownFileType = sourcecode.swift; path = TransaTests.swift; sourceTree = "<group>"; };
		5477063B245806A5008A8BC1 /* Info.plist */ = {isa = PBXFileReference; lastKnownFileType = text.plist.xml; path = Info.plist; sourceTree = "<group>"; };
		54770640245806A5008A8BC1 /* TransaUITests.xctest */ = {isa = PBXFileReference; explicitFileType = wrapper.cfbundle; includeInIndex = 0; path = TransaUITests.xctest; sourceTree = BUILT_PRODUCTS_DIR; };
		54770644245806A5008A8BC1 /* TransaUITests.swift */ = {isa = PBXFileReference; lastKnownFileType = sourcecode.swift; path = TransaUITests.swift; sourceTree = "<group>"; };
		54770646245806A5008A8BC1 /* Info.plist */ = {isa = PBXFileReference; lastKnownFileType = text.plist.xml; path = Info.plist; sourceTree = "<group>"; };
		54770652245807AF008A8BC1 /* Transa-Bridging-Header.h */ = {isa = PBXFileReference; lastKnownFileType = sourcecode.c.h; path = "Transa-Bridging-Header.h"; sourceTree = "<group>"; };
		54770653245807AF008A8BC1 /* AppDelegate.swift */ = {isa = PBXFileReference; fileEncoding = 4; lastKnownFileType = sourcecode.swift; path = AppDelegate.swift; sourceTree = "<group>"; };
		54770655245807AF008A8BC1 /* Extensions.swift */ = {isa = PBXFileReference; fileEncoding = 4; lastKnownFileType = sourcecode.swift; path = Extensions.swift; sourceTree = "<group>"; };
		54770656245807AF008A8BC1 /* Utils.swift */ = {isa = PBXFileReference; fileEncoding = 4; lastKnownFileType = sourcecode.swift; path = Utils.swift; sourceTree = "<group>"; };
		54770659245807AF008A8BC1 /* DashboardTabView.swift */ = {isa = PBXFileReference; fileEncoding = 4; lastKnownFileType = sourcecode.swift; path = DashboardTabView.swift; sourceTree = "<group>"; };
		5477065A245807AF008A8BC1 /* CategoryRowView.swift */ = {isa = PBXFileReference; fileEncoding = 4; lastKnownFileType = sourcecode.swift; path = CategoryRowView.swift; sourceTree = "<group>"; };
		5477065C245807AF008A8BC1 /* LogListView.swift */ = {isa = PBXFileReference; fileEncoding = 4; lastKnownFileType = sourcecode.swift; path = LogListView.swift; sourceTree = "<group>"; };
		5477065D245807AF008A8BC1 /* LogFormView.swift */ = {isa = PBXFileReference; fileEncoding = 4; lastKnownFileType = sourcecode.swift; path = LogFormView.swift; sourceTree = "<group>"; };
		5477065E245807AF008A8BC1 /* LogsTabView.swift */ = {isa = PBXFileReference; fileEncoding = 4; lastKnownFileType = sourcecode.swift; path = LogsTabView.swift; sourceTree = "<group>"; };
		5477065F245807AF008A8BC1 /* ContentView.swift */ = {isa = PBXFileReference; fileEncoding = 4; lastKnownFileType = sourcecode.swift; path = ContentView.swift; sourceTree = "<group>"; };
		54770661245807AF008A8BC1 /* SelectSortOrderView.swift */ = {isa = PBXFileReference; fileEncoding = 4; lastKnownFileType = sourcecode.swift; path = SelectSortOrderView.swift; sourceTree = "<group>"; };
		54770663245807AF008A8BC1 /* PieChartRow.swift */ = {isa = PBXFileReference; fileEncoding = 4; lastKnownFileType = sourcecode.swift; path = PieChartRow.swift; sourceTree = "<group>"; };
		54770664245807AF008A8BC1 /* Helpers.swift */ = {isa = PBXFileReference; fileEncoding = 4; lastKnownFileType = sourcecode.swift; path = Helpers.swift; sourceTree = "<group>"; };
		54770665245807AF008A8BC1 /* PieChartCell.swift */ = {isa = PBXFileReference; fileEncoding = 4; lastKnownFileType = sourcecode.swift; path = PieChartCell.swift; sourceTree = "<group>"; };
		54770666245807AF008A8BC1 /* PieChartView.swift */ = {isa = PBXFileReference; fileEncoding = 4; lastKnownFileType = sourcecode.swift; path = PieChartView.swift; sourceTree = "<group>"; };
		54770667245807AF008A8BC1 /* SearchBar.swift */ = {isa = PBXFileReference; fileEncoding = 4; lastKnownFileType = sourcecode.swift; path = SearchBar.swift; sourceTree = "<group>"; };
		54770668245807AF008A8BC1 /* FilterCategoriesView.swift */ = {isa = PBXFileReference; fileEncoding = 4; lastKnownFileType = sourcecode.swift; path = FilterCategoriesView.swift; sourceTree = "<group>"; };
		54770669245807AF008A8BC1 /* CategoryImageView.swift */ = {isa = PBXFileReference; fileEncoding = 4; lastKnownFileType = sourcecode.swift; path = CategoryImageView.swift; sourceTree = "<group>"; };
		5477066A245807AF008A8BC1 /* SceneDelegate.swift */ = {isa = PBXFileReference; fileEncoding = 4; lastKnownFileType = sourcecode.swift; path = SceneDelegate.swift; sourceTree = "<group>"; };
		5477066C245807AF008A8BC1 /* Sort.swift */ = {isa = PBXFileReference; fileEncoding = 4; lastKnownFileType = sourcecode.swift; path = Sort.swift; sourceTree = "<group>"; };
		5477066D245807AF008A8BC1 /* Category.swift */ = {isa = PBXFileReference; fileEncoding = 4; lastKnownFileType = sourcecode.swift; path = Category.swift; sourceTree = "<group>"; };
		5477068324580958008A8BC1 /* FormProfile.swift */ = {isa = PBXFileReference; fileEncoding = 4; lastKnownFileType = sourcecode.swift; path = FormProfile.swift; sourceTree = "<group>"; };
		5477068424580958008A8BC1 /* ProfileFilled.swift */ = {isa = PBXFileReference; fileEncoding = 4; lastKnownFileType = sourcecode.swift; path = ProfileFilled.swift; sourceTree = "<group>"; };
		5477068524580958008A8BC1 /* ProfileEmpty.swift */ = {isa = PBXFileReference; fileEncoding = 4; lastKnownFileType = sourcecode.swift; path = ProfileEmpty.swift; sourceTree = "<group>"; };
		5477068824580958008A8BC1 /* HomeView.swift */ = {isa = PBXFileReference; fileEncoding = 4; lastKnownFileType = sourcecode.swift; path = HomeView.swift; sourceTree = "<group>"; };
		5477068924580958008A8BC1 /* DaftarTransaksiEmpty.swift */ = {isa = PBXFileReference; fileEncoding = 4; lastKnownFileType = sourcecode.swift; path = DaftarTransaksiEmpty.swift; sourceTree = "<group>"; };
		5477068F245809A7008A8BC1 /* PageView.swift */ = {isa = PBXFileReference; fileEncoding = 4; lastKnownFileType = sourcecode.swift; path = PageView.swift; sourceTree = "<group>"; };
		54770690245809A7008A8BC1 /* OnboardingCardView.swift */ = {isa = PBXFileReference; fileEncoding = 4; lastKnownFileType = sourcecode.swift; path = OnboardingCardView.swift; sourceTree = "<group>"; };
		54770691245809A7008A8BC1 /* PageController.swift */ = {isa = PBXFileReference; fileEncoding = 4; lastKnownFileType = sourcecode.swift; path = PageController.swift; sourceTree = "<group>"; };
		54770692245809A7008A8BC1 /* OnboardingCard.swift */ = {isa = PBXFileReference; fileEncoding = 4; lastKnownFileType = sourcecode.swift; path = OnboardingCard.swift; sourceTree = "<group>"; };
		54770693245809A7008A8BC1 /* PageViewController.swift */ = {isa = PBXFileReference; fileEncoding = 4; lastKnownFileType = sourcecode.swift; path = PageViewController.swift; sourceTree = "<group>"; };
		54770694245809A7008A8BC1 /* BoardingView.swift */ = {isa = PBXFileReference; fileEncoding = 4; lastKnownFileType = sourcecode.swift; path = BoardingView.swift; sourceTree = "<group>"; };
		547F537B245ADA3C0004E65A /* CoreDataStack.swift */ = {isa = PBXFileReference; lastKnownFileType = sourcecode.swift; path = CoreDataStack.swift; sourceTree = "<group>"; };
		547F537D245ADE750004E65A /* ExpenseLog+Extension.swift */ = {isa = PBXFileReference; lastKnownFileType = sourcecode.swift; path = "ExpenseLog+Extension.swift"; sourceTree = "<group>"; };
		54FD709A245AD85100889F41 /* ExpenseTracker.xcdatamodel */ = {isa = PBXFileReference; lastKnownFileType = wrapper.xcdatamodel; path = ExpenseTracker.xcdatamodel; sourceTree = "<group>"; };
/* End PBXFileReference section */

/* Begin PBXFrameworksBuildPhase section */
		5477061C245806A5008A8BC1 /* Frameworks */ = {
			isa = PBXFrameworksBuildPhase;
			buildActionMask = 2147483647;
			files = (
				544D346F245FDD55000B095E /* CloudKit.framework in Frameworks */,
			);
			runOnlyForDeploymentPostprocessing = 0;
		};
		54770632245806A5008A8BC1 /* Frameworks */ = {
			isa = PBXFrameworksBuildPhase;
			buildActionMask = 2147483647;
			files = (
			);
			runOnlyForDeploymentPostprocessing = 0;
		};
		5477063D245806A5008A8BC1 /* Frameworks */ = {
			isa = PBXFrameworksBuildPhase;
			buildActionMask = 2147483647;
			files = (
			);
			runOnlyForDeploymentPostprocessing = 0;
		};
/* End PBXFrameworksBuildPhase section */

/* Begin PBXGroup section */
		544D346D245FDD55000B095E /* Frameworks */ = {
			isa = PBXGroup;
			children = (
				544D346E245FDD55000B095E /* CloudKit.framework */,
			);
			name = Frameworks;
			sourceTree = "<group>";
		};
		54770616245806A5008A8BC1 = {
			isa = PBXGroup;
			children = (
				54770621245806A5008A8BC1 /* Transa */,
				54770638245806A5008A8BC1 /* TransaTests */,
				54770643245806A5008A8BC1 /* TransaUITests */,
				54770620245806A5008A8BC1 /* Products */,
				544D346D245FDD55000B095E /* Frameworks */,
			);
			sourceTree = "<group>";
		};
		54770620245806A5008A8BC1 /* Products */ = {
			isa = PBXGroup;
			children = (
				5477061F245806A5008A8BC1 /* Transa.app */,
				54770635245806A5008A8BC1 /* TransaTests.xctest */,
				54770640245806A5008A8BC1 /* TransaUITests.xctest */,
			);
			name = Products;
			sourceTree = "<group>";
		};
		54770621245806A5008A8BC1 /* Transa */ = {
			isa = PBXGroup;
			children = (
				544D346C245FDD2C000B095E /* Transa.entitlements */,
				54770653245807AF008A8BC1 /* AppDelegate.swift */,
				54770654245807AF008A8BC1 /* Helpers */,
				5477066B245807AF008A8BC1 /* Models */,
				5477066A245807AF008A8BC1 /* SceneDelegate.swift */,
				54770657245807AF008A8BC1 /* Views */,
				54770628245806A5008A8BC1 /* Assets.xcassets */,
				5477062D245806A5008A8BC1 /* LaunchScreen.storyboard */,
				54770630245806A5008A8BC1 /* Info.plist */,
				5477062A245806A5008A8BC1 /* Preview Content */,
				54770652245807AF008A8BC1 /* Transa-Bridging-Header.h */,
				54FD7099245AD85100889F41 /* ExpenseTracker.xcdatamodeld */,
				547F537B245ADA3C0004E65A /* CoreDataStack.swift */,
			);
			path = Transa;
			sourceTree = "<group>";
		};
		5477062A245806A5008A8BC1 /* Preview Content */ = {
			isa = PBXGroup;
			children = (
				5477062B245806A5008A8BC1 /* Preview Assets.xcassets */,
			);
			path = "Preview Content";
			sourceTree = "<group>";
		};
		54770638245806A5008A8BC1 /* TransaTests */ = {
			isa = PBXGroup;
			children = (
				54770639245806A5008A8BC1 /* TransaTests.swift */,
				5477063B245806A5008A8BC1 /* Info.plist */,
			);
			path = TransaTests;
			sourceTree = "<group>";
		};
		54770643245806A5008A8BC1 /* TransaUITests */ = {
			isa = PBXGroup;
			children = (
				54770644245806A5008A8BC1 /* TransaUITests.swift */,
				54770646245806A5008A8BC1 /* Info.plist */,
			);
			path = TransaUITests;
			sourceTree = "<group>";
		};
		54770654245807AF008A8BC1 /* Helpers */ = {
			isa = PBXGroup;
			children = (
				54770655245807AF008A8BC1 /* Extensions.swift */,
				54770656245807AF008A8BC1 /* Utils.swift */,
			);
			path = Helpers;
			sourceTree = "<group>";
		};
		54770657245807AF008A8BC1 /* Views */ = {
			isa = PBXGroup;
			children = (
				5477068624580958008A8BC1 /* Boarding */,
				5477068724580958008A8BC1 /* Home */,
				5477068224580958008A8BC1 /* Profil */,
				54770658245807AF008A8BC1 /* Dashboard */,
				5477065B245807AF008A8BC1 /* Logs */,
				5477065F245807AF008A8BC1 /* ContentView.swift */,
				54770660245807AF008A8BC1 /* Common Views */,
			);
			path = Views;
			sourceTree = "<group>";
		};
		54770658245807AF008A8BC1 /* Dashboard */ = {
			isa = PBXGroup;
			children = (
				54770659245807AF008A8BC1 /* DashboardTabView.swift */,
				5477065A245807AF008A8BC1 /* CategoryRowView.swift */,
			);
			path = Dashboard;
			sourceTree = "<group>";
		};
		5477065B245807AF008A8BC1 /* Logs */ = {
			isa = PBXGroup;
			children = (
				5477065C245807AF008A8BC1 /* LogListView.swift */,
				5477065D245807AF008A8BC1 /* LogFormView.swift */,
				5477065E245807AF008A8BC1 /* LogsTabView.swift */,
			);
			path = Logs;
			sourceTree = "<group>";
		};
		54770660245807AF008A8BC1 /* Common Views */ = {
			isa = PBXGroup;
			children = (
				54770661245807AF008A8BC1 /* SelectSortOrderView.swift */,
				54770662245807AF008A8BC1 /* SwiftUICharts */,
				54770667245807AF008A8BC1 /* SearchBar.swift */,
				54770668245807AF008A8BC1 /* FilterCategoriesView.swift */,
				54770669245807AF008A8BC1 /* CategoryImageView.swift */,
			);
			path = "Common Views";
			sourceTree = "<group>";
		};
		54770662245807AF008A8BC1 /* SwiftUICharts */ = {
			isa = PBXGroup;
			children = (
				54770663245807AF008A8BC1 /* PieChartRow.swift */,
				54770664245807AF008A8BC1 /* Helpers.swift */,
				54770665245807AF008A8BC1 /* PieChartCell.swift */,
				54770666245807AF008A8BC1 /* PieChartView.swift */,
			);
			path = SwiftUICharts;
			sourceTree = "<group>";
		};
		5477066B245807AF008A8BC1 /* Models */ = {
			isa = PBXGroup;
			children = (
				5477066C245807AF008A8BC1 /* Sort.swift */,
				5477066D245807AF008A8BC1 /* Category.swift */,
				547F537D245ADE750004E65A /* ExpenseLog+Extension.swift */,
			);
			path = Models;
			sourceTree = "<group>";
		};
		5477068224580958008A8BC1 /* Profil */ = {
			isa = PBXGroup;
			children = (
				5477068324580958008A8BC1 /* FormProfile.swift */,
				5477068424580958008A8BC1 /* ProfileFilled.swift */,
				5477068524580958008A8BC1 /* ProfileEmpty.swift */,
			);
			path = Profil;
			sourceTree = "<group>";
		};
		5477068624580958008A8BC1 /* Boarding */ = {
			isa = PBXGroup;
			children = (
				54770694245809A7008A8BC1 /* BoardingView.swift */,
				54770692245809A7008A8BC1 /* OnboardingCard.swift */,
				54770690245809A7008A8BC1 /* OnboardingCardView.swift */,
				54770691245809A7008A8BC1 /* PageController.swift */,
				5477068F245809A7008A8BC1 /* PageView.swift */,
				54770693245809A7008A8BC1 /* PageViewController.swift */,
			);
			path = Boarding;
			sourceTree = "<group>";
		};
		5477068724580958008A8BC1 /* Home */ = {
			isa = PBXGroup;
			children = (
				5477068824580958008A8BC1 /* HomeView.swift */,
				5477068924580958008A8BC1 /* DaftarTransaksiEmpty.swift */,
			);
			path = Home;
			sourceTree = "<group>";
		};
/* End PBXGroup section */

/* Begin PBXNativeTarget section */
		5477061E245806A5008A8BC1 /* Transa */ = {
			isa = PBXNativeTarget;
			buildConfigurationList = 54770649245806A5008A8BC1 /* Build configuration list for PBXNativeTarget "Transa" */;
			buildPhases = (
				5477061B245806A5008A8BC1 /* Sources */,
				5477061C245806A5008A8BC1 /* Frameworks */,
				5477061D245806A5008A8BC1 /* Resources */,
			);
			buildRules = (
			);
			dependencies = (
			);
			name = Transa;
			productName = Transa;
			productReference = 5477061F245806A5008A8BC1 /* Transa.app */;
			productType = "com.apple.product-type.application";
		};
		54770634245806A5008A8BC1 /* TransaTests */ = {
			isa = PBXNativeTarget;
			buildConfigurationList = 5477064C245806A5008A8BC1 /* Build configuration list for PBXNativeTarget "TransaTests" */;
			buildPhases = (
				54770631245806A5008A8BC1 /* Sources */,
				54770632245806A5008A8BC1 /* Frameworks */,
				54770633245806A5008A8BC1 /* Resources */,
			);
			buildRules = (
			);
			dependencies = (
				54770637245806A5008A8BC1 /* PBXTargetDependency */,
			);
			name = TransaTests;
			productName = TransaTests;
			productReference = 54770635245806A5008A8BC1 /* TransaTests.xctest */;
			productType = "com.apple.product-type.bundle.unit-test";
		};
		5477063F245806A5008A8BC1 /* TransaUITests */ = {
			isa = PBXNativeTarget;
			buildConfigurationList = 5477064F245806A5008A8BC1 /* Build configuration list for PBXNativeTarget "TransaUITests" */;
			buildPhases = (
				5477063C245806A5008A8BC1 /* Sources */,
				5477063D245806A5008A8BC1 /* Frameworks */,
				5477063E245806A5008A8BC1 /* Resources */,
			);
			buildRules = (
			);
			dependencies = (
				54770642245806A5008A8BC1 /* PBXTargetDependency */,
			);
			name = TransaUITests;
			productName = TransaUITests;
			productReference = 54770640245806A5008A8BC1 /* TransaUITests.xctest */;
			productType = "com.apple.product-type.bundle.ui-testing";
		};
/* End PBXNativeTarget section */

/* Begin PBXProject section */
		54770617245806A5008A8BC1 /* Project object */ = {
			isa = PBXProject;
			attributes = {
				LastSwiftUpdateCheck = 1120;
				LastUpgradeCheck = 1120;
				ORGANIZATIONNAME = "Rizky Adipratama Ruddyar";
				TargetAttributes = {
					5477061E245806A5008A8BC1 = {
						CreatedOnToolsVersion = 11.2.1;
						LastSwiftMigration = 1120;
					};
					54770634245806A5008A8BC1 = {
						CreatedOnToolsVersion = 11.2.1;
						TestTargetID = 5477061E245806A5008A8BC1;
					};
					5477063F245806A5008A8BC1 = {
						CreatedOnToolsVersion = 11.2.1;
						TestTargetID = 5477061E245806A5008A8BC1;
					};
				};
			};
			buildConfigurationList = 5477061A245806A5008A8BC1 /* Build configuration list for PBXProject "Transa" */;
			compatibilityVersion = "Xcode 9.3";
			developmentRegion = en;
			hasScannedForEncodings = 0;
			knownRegions = (
				en,
				Base,
			);
			mainGroup = 54770616245806A5008A8BC1;
			productRefGroup = 54770620245806A5008A8BC1 /* Products */;
			projectDirPath = "";
			projectRoot = "";
			targets = (
				5477061E245806A5008A8BC1 /* Transa */,
				54770634245806A5008A8BC1 /* TransaTests */,
				5477063F245806A5008A8BC1 /* TransaUITests */,
			);
		};
/* End PBXProject section */

/* Begin PBXResourcesBuildPhase section */
		5477061D245806A5008A8BC1 /* Resources */ = {
			isa = PBXResourcesBuildPhase;
			buildActionMask = 2147483647;
			files = (
				5477062F245806A5008A8BC1 /* LaunchScreen.storyboard in Resources */,
				5477062C245806A5008A8BC1 /* Preview Assets.xcassets in Resources */,
				54770629245806A5008A8BC1 /* Assets.xcassets in Resources */,
			);
			runOnlyForDeploymentPostprocessing = 0;
		};
		54770633245806A5008A8BC1 /* Resources */ = {
			isa = PBXResourcesBuildPhase;
			buildActionMask = 2147483647;
			files = (
			);
			runOnlyForDeploymentPostprocessing = 0;
		};
		5477063E245806A5008A8BC1 /* Resources */ = {
			isa = PBXResourcesBuildPhase;
			buildActionMask = 2147483647;
			files = (
			);
			runOnlyForDeploymentPostprocessing = 0;
		};
/* End PBXResourcesBuildPhase section */

/* Begin PBXSourcesBuildPhase section */
		5477061B245806A5008A8BC1 /* Sources */ = {
			isa = PBXSourcesBuildPhase;
			buildActionMask = 2147483647;
			files = (
				5477069A245809A7008A8BC1 /* BoardingView.swift in Sources */,
				54770696245809A7008A8BC1 /* OnboardingCardView.swift in Sources */,
				5477068A24580958008A8BC1 /* FormProfile.swift in Sources */,
				5477067B245807AF008A8BC1 /* PieChartView.swift in Sources */,
				54770674245807AF008A8BC1 /* LogFormView.swift in Sources */,
				5477068B24580958008A8BC1 /* ProfileFilled.swift in Sources */,
				547F537C245ADA3C0004E65A /* CoreDataStack.swift in Sources */,
				5477067C245807AF008A8BC1 /* SearchBar.swift in Sources */,
				5477066E245807AF008A8BC1 /* AppDelegate.swift in Sources */,
				54770673245807AF008A8BC1 /* LogListView.swift in Sources */,
				5477067E245807AF008A8BC1 /* CategoryImageView.swift in Sources */,
				54770677245807AF008A8BC1 /* SelectSortOrderView.swift in Sources */,
				54770675245807AF008A8BC1 /* LogsTabView.swift in Sources */,
				54770672245807AF008A8BC1 /* CategoryRowView.swift in Sources */,
				54770678245807AF008A8BC1 /* PieChartRow.swift in Sources */,
				5477068E24580958008A8BC1 /* DaftarTransaksiEmpty.swift in Sources */,
				5477067A245807AF008A8BC1 /* PieChartCell.swift in Sources */,
				54770681245807AF008A8BC1 /* Category.swift in Sources */,
				5477067F245807AF008A8BC1 /* SceneDelegate.swift in Sources */,
				54770679245807AF008A8BC1 /* Helpers.swift in Sources */,
				54770695245809A7008A8BC1 /* PageView.swift in Sources */,
				54770676245807AF008A8BC1 /* ContentView.swift in Sources */,
				5477067D245807AF008A8BC1 /* FilterCategoriesView.swift in Sources */,
				547F537E245ADE750004E65A /* ExpenseLog+Extension.swift in Sources */,
				54770699245809A7008A8BC1 /* PageViewController.swift in Sources */,
				54FD709B245AD85100889F41 /* ExpenseTracker.xcdatamodeld in Sources */,
				5477066F245807AF008A8BC1 /* Extensions.swift in Sources */,
				54770680245807AF008A8BC1 /* Sort.swift in Sources */,
				54770670245807AF008A8BC1 /* Utils.swift in Sources */,
				54770697245809A7008A8BC1 /* PageController.swift in Sources */,
				5477068D24580958008A8BC1 /* HomeView.swift in Sources */,
				5477068C24580958008A8BC1 /* ProfileEmpty.swift in Sources */,
				54770671245807AF008A8BC1 /* DashboardTabView.swift in Sources */,
				54770698245809A7008A8BC1 /* OnboardingCard.swift in Sources */,
			);
			runOnlyForDeploymentPostprocessing = 0;
		};
		54770631245806A5008A8BC1 /* Sources */ = {
			isa = PBXSourcesBuildPhase;
			buildActionMask = 2147483647;
			files = (
				5477063A245806A5008A8BC1 /* TransaTests.swift in Sources */,
			);
			runOnlyForDeploymentPostprocessing = 0;
		};
		5477063C245806A5008A8BC1 /* Sources */ = {
			isa = PBXSourcesBuildPhase;
			buildActionMask = 2147483647;
			files = (
				54770645245806A5008A8BC1 /* TransaUITests.swift in Sources */,
			);
			runOnlyForDeploymentPostprocessing = 0;
		};
/* End PBXSourcesBuildPhase section */

/* Begin PBXTargetDependency section */
		54770637245806A5008A8BC1 /* PBXTargetDependency */ = {
			isa = PBXTargetDependency;
			target = 5477061E245806A5008A8BC1 /* Transa */;
			targetProxy = 54770636245806A5008A8BC1 /* PBXContainerItemProxy */;
		};
		54770642245806A5008A8BC1 /* PBXTargetDependency */ = {
			isa = PBXTargetDependency;
			target = 5477061E245806A5008A8BC1 /* Transa */;
			targetProxy = 54770641245806A5008A8BC1 /* PBXContainerItemProxy */;
		};
/* End PBXTargetDependency section */

/* Begin PBXVariantGroup section */
		5477062D245806A5008A8BC1 /* LaunchScreen.storyboard */ = {
			isa = PBXVariantGroup;
			children = (
				5477062E245806A5008A8BC1 /* Base */,
			);
			name = LaunchScreen.storyboard;
			sourceTree = "<group>";
		};
/* End PBXVariantGroup section */

/* Begin XCBuildConfiguration section */
		54770647245806A5008A8BC1 /* Debug */ = {
			isa = XCBuildConfiguration;
			buildSettings = {
				ALWAYS_SEARCH_USER_PATHS = NO;
				CLANG_ANALYZER_NONNULL = YES;
				CLANG_ANALYZER_NUMBER_OBJECT_CONVERSION = YES_AGGRESSIVE;
				CLANG_CXX_LANGUAGE_STANDARD = "gnu++14";
				CLANG_CXX_LIBRARY = "libc++";
				CLANG_ENABLE_MODULES = YES;
				CLANG_ENABLE_OBJC_ARC = YES;
				CLANG_ENABLE_OBJC_WEAK = YES;
				CLANG_WARN_BLOCK_CAPTURE_AUTORELEASING = YES;
				CLANG_WARN_BOOL_CONVERSION = YES;
				CLANG_WARN_COMMA = YES;
				CLANG_WARN_CONSTANT_CONVERSION = YES;
				CLANG_WARN_DEPRECATED_OBJC_IMPLEMENTATIONS = YES;
				CLANG_WARN_DIRECT_OBJC_ISA_USAGE = YES_ERROR;
				CLANG_WARN_DOCUMENTATION_COMMENTS = YES;
				CLANG_WARN_EMPTY_BODY = YES;
				CLANG_WARN_ENUM_CONVERSION = YES;
				CLANG_WARN_INFINITE_RECURSION = YES;
				CLANG_WARN_INT_CONVERSION = YES;
				CLANG_WARN_NON_LITERAL_NULL_CONVERSION = YES;
				CLANG_WARN_OBJC_IMPLICIT_RETAIN_SELF = YES;
				CLANG_WARN_OBJC_LITERAL_CONVERSION = YES;
				CLANG_WARN_OBJC_ROOT_CLASS = YES_ERROR;
				CLANG_WARN_RANGE_LOOP_ANALYSIS = YES;
				CLANG_WARN_STRICT_PROTOTYPES = YES;
				CLANG_WARN_SUSPICIOUS_MOVE = YES;
				CLANG_WARN_UNGUARDED_AVAILABILITY = YES_AGGRESSIVE;
				CLANG_WARN_UNREACHABLE_CODE = YES;
				CLANG_WARN__DUPLICATE_METHOD_MATCH = YES;
				COPY_PHASE_STRIP = NO;
				DEBUG_INFORMATION_FORMAT = dwarf;
				ENABLE_STRICT_OBJC_MSGSEND = YES;
				ENABLE_TESTABILITY = YES;
				GCC_C_LANGUAGE_STANDARD = gnu11;
				GCC_DYNAMIC_NO_PIC = NO;
				GCC_NO_COMMON_BLOCKS = YES;
				GCC_OPTIMIZATION_LEVEL = 0;
				GCC_PREPROCESSOR_DEFINITIONS = (
					"DEBUG=1",
					"$(inherited)",
				);
				GCC_WARN_64_TO_32_BIT_CONVERSION = YES;
				GCC_WARN_ABOUT_RETURN_TYPE = YES_ERROR;
				GCC_WARN_UNDECLARED_SELECTOR = YES;
				GCC_WARN_UNINITIALIZED_AUTOS = YES_AGGRESSIVE;
				GCC_WARN_UNUSED_FUNCTION = YES;
				GCC_WARN_UNUSED_VARIABLE = YES;
				IPHONEOS_DEPLOYMENT_TARGET = 13.2;
				MTL_ENABLE_DEBUG_INFO = INCLUDE_SOURCE;
				MTL_FAST_MATH = YES;
				ONLY_ACTIVE_ARCH = YES;
				SDKROOT = iphoneos;
				SWIFT_ACTIVE_COMPILATION_CONDITIONS = DEBUG;
				SWIFT_OPTIMIZATION_LEVEL = "-Onone";
			};
			name = Debug;
		};
		54770648245806A5008A8BC1 /* Release */ = {
			isa = XCBuildConfiguration;
			buildSettings = {
				ALWAYS_SEARCH_USER_PATHS = NO;
				CLANG_ANALYZER_NONNULL = YES;
				CLANG_ANALYZER_NUMBER_OBJECT_CONVERSION = YES_AGGRESSIVE;
				CLANG_CXX_LANGUAGE_STANDARD = "gnu++14";
				CLANG_CXX_LIBRARY = "libc++";
				CLANG_ENABLE_MODULES = YES;
				CLANG_ENABLE_OBJC_ARC = YES;
				CLANG_ENABLE_OBJC_WEAK = YES;
				CLANG_WARN_BLOCK_CAPTURE_AUTORELEASING = YES;
				CLANG_WARN_BOOL_CONVERSION = YES;
				CLANG_WARN_COMMA = YES;
				CLANG_WARN_CONSTANT_CONVERSION = YES;
				CLANG_WARN_DEPRECATED_OBJC_IMPLEMENTATIONS = YES;
				CLANG_WARN_DIRECT_OBJC_ISA_USAGE = YES_ERROR;
				CLANG_WARN_DOCUMENTATION_COMMENTS = YES;
				CLANG_WARN_EMPTY_BODY = YES;
				CLANG_WARN_ENUM_CONVERSION = YES;
				CLANG_WARN_INFINITE_RECURSION = YES;
				CLANG_WARN_INT_CONVERSION = YES;
				CLANG_WARN_NON_LITERAL_NULL_CONVERSION = YES;
				CLANG_WARN_OBJC_IMPLICIT_RETAIN_SELF = YES;
				CLANG_WARN_OBJC_LITERAL_CONVERSION = YES;
				CLANG_WARN_OBJC_ROOT_CLASS = YES_ERROR;
				CLANG_WARN_RANGE_LOOP_ANALYSIS = YES;
				CLANG_WARN_STRICT_PROTOTYPES = YES;
				CLANG_WARN_SUSPICIOUS_MOVE = YES;
				CLANG_WARN_UNGUARDED_AVAILABILITY = YES_AGGRESSIVE;
				CLANG_WARN_UNREACHABLE_CODE = YES;
				CLANG_WARN__DUPLICATE_METHOD_MATCH = YES;
				COPY_PHASE_STRIP = NO;
				DEBUG_INFORMATION_FORMAT = "dwarf-with-dsym";
				ENABLE_NS_ASSERTIONS = NO;
				ENABLE_STRICT_OBJC_MSGSEND = YES;
				GCC_C_LANGUAGE_STANDARD = gnu11;
				GCC_NO_COMMON_BLOCKS = YES;
				GCC_WARN_64_TO_32_BIT_CONVERSION = YES;
				GCC_WARN_ABOUT_RETURN_TYPE = YES_ERROR;
				GCC_WARN_UNDECLARED_SELECTOR = YES;
				GCC_WARN_UNINITIALIZED_AUTOS = YES_AGGRESSIVE;
				GCC_WARN_UNUSED_FUNCTION = YES;
				GCC_WARN_UNUSED_VARIABLE = YES;
				IPHONEOS_DEPLOYMENT_TARGET = 13.2;
				MTL_ENABLE_DEBUG_INFO = NO;
				MTL_FAST_MATH = YES;
				SDKROOT = iphoneos;
				SWIFT_COMPILATION_MODE = wholemodule;
				SWIFT_OPTIMIZATION_LEVEL = "-O";
				VALIDATE_PRODUCT = YES;
			};
			name = Release;
		};
		5477064A245806A5008A8BC1 /* Debug */ = {
			isa = XCBuildConfiguration;
			buildSettings = {
				ASSETCATALOG_COMPILER_APPICON_NAME = AppIcon;
				CLANG_ENABLE_MODULES = YES;
				CODE_SIGN_ENTITLEMENTS = Transa/Transa.entitlements;
				CODE_SIGN_STYLE = Automatic;
				DEVELOPMENT_ASSET_PATHS = "\"Transa/Preview Content\"";
				DEVELOPMENT_TEAM = 2MFA5A335Y;
				ENABLE_PREVIEWS = YES;
				INFOPLIST_FILE = Transa/Info.plist;
				LD_RUNPATH_SEARCH_PATHS = (
					"$(inherited)",
					"@executable_path/Frameworks",
				);
				PRODUCT_BUNDLE_IDENTIFIER = RAR.Transa;
				PRODUCT_NAME = "$(TARGET_NAME)";
				SWIFT_OBJC_BRIDGING_HEADER = "Transa/Transa-Bridging-Header.h";
				SWIFT_OPTIMIZATION_LEVEL = "-Onone";
				SWIFT_VERSION = 5.0;
				TARGETED_DEVICE_FAMILY = "1,2";
			};
			name = Debug;
		};
		5477064B245806A5008A8BC1 /* Release */ = {
			isa = XCBuildConfiguration;
			buildSettings = {
				ASSETCATALOG_COMPILER_APPICON_NAME = AppIcon;
				CLANG_ENABLE_MODULES = YES;
				CODE_SIGN_ENTITLEMENTS = Transa/Transa.entitlements;
				CODE_SIGN_STYLE = Automatic;
				DEVELOPMENT_ASSET_PATHS = "\"Transa/Preview Content\"";
				DEVELOPMENT_TEAM = 2MFA5A335Y;
				ENABLE_PREVIEWS = YES;
				INFOPLIST_FILE = Transa/Info.plist;
				LD_RUNPATH_SEARCH_PATHS = (
					"$(inherited)",
					"@executable_path/Frameworks",
				);
				PRODUCT_BUNDLE_IDENTIFIER = RAR.Transa;
				PRODUCT_NAME = "$(TARGET_NAME)";
				SWIFT_OBJC_BRIDGING_HEADER = "Transa/Transa-Bridging-Header.h";
				SWIFT_VERSION = 5.0;
				TARGETED_DEVICE_FAMILY = "1,2";
			};
			name = Release;
		};
		5477064D245806A5008A8BC1 /* Debug */ = {
			isa = XCBuildConfiguration;
			buildSettings = {
				ALWAYS_EMBED_SWIFT_STANDARD_LIBRARIES = YES;
				BUNDLE_LOADER = "$(TEST_HOST)";
				CODE_SIGN_STYLE = Automatic;
				DEVELOPMENT_TEAM = 2MFA5A335Y;
				INFOPLIST_FILE = TransaTests/Info.plist;
				IPHONEOS_DEPLOYMENT_TARGET = 13.2;
				LD_RUNPATH_SEARCH_PATHS = (
					"$(inherited)",
					"@executable_path/Frameworks",
					"@loader_path/Frameworks",
				);
				PRODUCT_BUNDLE_IDENTIFIER = RAR.TransaTests;
				PRODUCT_NAME = "$(TARGET_NAME)";
				SWIFT_VERSION = 5.0;
				TARGETED_DEVICE_FAMILY = "1,2";
				TEST_HOST = "$(BUILT_PRODUCTS_DIR)/Transa.app/Transa";
			};
			name = Debug;
		};
		5477064E245806A5008A8BC1 /* Release */ = {
			isa = XCBuildConfiguration;
			buildSettings = {
				ALWAYS_EMBED_SWIFT_STANDARD_LIBRARIES = YES;
				BUNDLE_LOADER = "$(TEST_HOST)";
				CODE_SIGN_STYLE = Automatic;
				DEVELOPMENT_TEAM = 2MFA5A335Y;
				INFOPLIST_FILE = TransaTests/Info.plist;
				IPHONEOS_DEPLOYMENT_TARGET = 13.2;
				LD_RUNPATH_SEARCH_PATHS = (
					"$(inherited)",
					"@executable_path/Frameworks",
					"@loader_path/Frameworks",
				);
				PRODUCT_BUNDLE_IDENTIFIER = RAR.TransaTests;
				PRODUCT_NAME = "$(TARGET_NAME)";
				SWIFT_VERSION = 5.0;
				TARGETED_DEVICE_FAMILY = "1,2";
				TEST_HOST = "$(BUILT_PRODUCTS_DIR)/Transa.app/Transa";
			};
			name = Release;
		};
		54770650245806A5008A8BC1 /* Debug */ = {
			isa = XCBuildConfiguration;
			buildSettings = {
				ALWAYS_EMBED_SWIFT_STANDARD_LIBRARIES = YES;
				CODE_SIGN_STYLE = Automatic;
				DEVELOPMENT_TEAM = 2MFA5A335Y;
				INFOPLIST_FILE = TransaUITests/Info.plist;
				LD_RUNPATH_SEARCH_PATHS = (
					"$(inherited)",
					"@executable_path/Frameworks",
					"@loader_path/Frameworks",
				);
				PRODUCT_BUNDLE_IDENTIFIER = RAR.TransaUITests;
				PRODUCT_NAME = "$(TARGET_NAME)";
				SWIFT_VERSION = 5.0;
				TARGETED_DEVICE_FAMILY = "1,2";
				TEST_TARGET_NAME = Transa;
			};
			name = Debug;
		};
		54770651245806A5008A8BC1 /* Release */ = {
			isa = XCBuildConfiguration;
			buildSettings = {
				ALWAYS_EMBED_SWIFT_STANDARD_LIBRARIES = YES;
				CODE_SIGN_STYLE = Automatic;
				DEVELOPMENT_TEAM = 2MFA5A335Y;
				INFOPLIST_FILE = TransaUITests/Info.plist;
				LD_RUNPATH_SEARCH_PATHS = (
					"$(inherited)",
					"@executable_path/Frameworks",
					"@loader_path/Frameworks",
				);
				PRODUCT_BUNDLE_IDENTIFIER = RAR.TransaUITests;
				PRODUCT_NAME = "$(TARGET_NAME)";
				SWIFT_VERSION = 5.0;
				TARGETED_DEVICE_FAMILY = "1,2";
				TEST_TARGET_NAME = Transa;
			};
			name = Release;
		};
/* End XCBuildConfiguration section */

/* Begin XCConfigurationList section */
		5477061A245806A5008A8BC1 /* Build configuration list for PBXProject "Transa" */ = {
			isa = XCConfigurationList;
			buildConfigurations = (
				54770647245806A5008A8BC1 /* Debug */,
				54770648245806A5008A8BC1 /* Release */,
			);
			defaultConfigurationIsVisible = 0;
			defaultConfigurationName = Release;
		};
		54770649245806A5008A8BC1 /* Build configuration list for PBXNativeTarget "Transa" */ = {
			isa = XCConfigurationList;
			buildConfigurations = (
				5477064A245806A5008A8BC1 /* Debug */,
				5477064B245806A5008A8BC1 /* Release */,
			);
			defaultConfigurationIsVisible = 0;
			defaultConfigurationName = Release;
		};
		5477064C245806A5008A8BC1 /* Build configuration list for PBXNativeTarget "TransaTests" */ = {
			isa = XCConfigurationList;
			buildConfigurations = (
				5477064D245806A5008A8BC1 /* Debug */,
				5477064E245806A5008A8BC1 /* Release */,
			);
			defaultConfigurationIsVisible = 0;
			defaultConfigurationName = Release;
		};
		5477064F245806A5008A8BC1 /* Build configuration list for PBXNativeTarget "TransaUITests" */ = {
			isa = XCConfigurationList;
			buildConfigurations = (
				54770650245806A5008A8BC1 /* Debug */,
				54770651245806A5008A8BC1 /* Release */,
			);
			defaultConfigurationIsVisible = 0;
			defaultConfigurationName = Release;
		};
/* End XCConfigurationList section */

/* Begin XCVersionGroup section */
		54FD7099245AD85100889F41 /* ExpenseTracker.xcdatamodeld */ = {
			isa = XCVersionGroup;
			children = (
				54FD709A245AD85100889F41 /* ExpenseTracker.xcdatamodel */,
			);
			currentVersion = 54FD709A245AD85100889F41 /* ExpenseTracker.xcdatamodel */;
			path = ExpenseTracker.xcdatamodeld;
			sourceTree = "<group>";
			versionGroupType = wrapper.xcdatamodel;
		};
/* End XCVersionGroup section */
	};
	rootObject = 54770617245806A5008A8BC1 /* Project object */;
}
